{
  "nodes": {
    "nixpkgs": {
      "locked": {
        "lastModified": 1617397712,
        "narHash": "sha256-00FNgi8Lg9pe7ZSCMhdjS+tPhfJ6Uyx+CHKy7pUtNnM=",
        "owner": "NixOS",
        "repo": "nixpkgs",
        "rev": "42a03e4728fc05cb9f123057670e41967f628360",
        "type": "github"
      },
      "original": {
        "owner": "NixOS",
        "ref": "nixos-20.09",
        "repo": "nixpkgs",
        "type": "github"
      }
    },
    "root": {
      "inputs": {
        "nixpkgs": "nixpkgs"
      }
    }
  },
  "root": "root",
  "version": 7
}
